
Microsoft Visual Studio Solution File, Format Version 12.00
# Visual Studio Version 17
VisualStudioVersion = 17.5.33502.453
MinimumVisualStudioVersion = 10.0.40219.1
Project("{9A19103F-16F7-4668-BE54-9A1E7A4F7556}") = "Client", "Client\Client.csproj", "{2956C4E0-A468-4A90-B110-E19C79E98F50}"
EndProject
Project("{FAE04EC0-301F-11D3-BF4B-00C04F79EFBC}") = "Server", "Server\Server.csproj", "{B594A174-ABF9-4D7B-BC85-5B9592A673F6}"
EndProject
Global
	GlobalSection(SolutionConfigurationPlatforms) = preSolution
		Debug|Any CPU = Debug|Any CPU
		Release|Any CPU = Release|Any CPU
	EndGlobalSection
	GlobalSection(ProjectConfigurationPlatforms) = postSolution
		{2956C4E0-A468-4A90-B110-E19C79E98F50}.Debug|Any CPU.ActiveCfg = Debug|Any CPU
		{2956C4E0-A468-4A90-B110-E19C79E98F50}.Debug|Any CPU.Build.0 = Debug|Any CPU
		{2956C4E0-A468-4A90-B110-E19C79E98F50}.Release|Any CPU.ActiveCfg = Release|Any CPU
		{2956C4E0-A468-4A90-B110-E19C79E98F50}.Release|Any CPU.Build.0 = Release|Any CPU
		{B594A174-ABF9-4D7B-BC85-5B9592A673F6}.Debug|Any CPU.ActiveCfg = Debug|Any CPU
		{B594A174-ABF9-4D7B-BC85-5B9592A673F6}.Debug|Any CPU.Build.0 = Debug|Any CPU
		{B594A174-ABF9-4D7B-BC85-5B9592A673F6}.Release|Any CPU.ActiveCfg = Release|Any CPU
		{B594A174-ABF9-4D7B-BC85-5B9592A673F6}.Release|Any CPU.Build.0 = Release|Any CPU
	EndGlobalSection
	GlobalSection(SolutionProperties) = preSolution
		HideSolutionNode = FALSE
	EndGlobalSection
	GlobalSection(ExtensibilityGlobals) = postSolution
		SolutionGuid = {D52CC6FB-48C4-4C19-877F-CDFC69291DE4}
	EndGlobalSection
EndGlobal
