
Microsoft Visual Studio Solution File, Format Version 12.00
# Visual Studio 2013
VisualStudioVersion = 12.0.21005.1
MinimumVisualStudioVersion = 10.0.40219.1
Project("{FAE04EC0-301F-11D3-BF4B-00C04F79EFBC}") = "Server", "Server\Server.csproj", "{4ABE56CD-B996-4177-A423-1CB78FFA31C2}"
EndProject
Project("{FAE04EC0-301F-11D3-BF4B-00C04F79EFBC}") = "Services", "Services\Services.csproj", "{518AF87A-2700-4B13-8F86-B3981B3BFC27}"
EndProject
Project("{FAE04EC0-301F-11D3-BF4B-00C04F79EFBC}") = "Rest", "Rest\Rest.csproj", "{B4AF4746-B9E5-4727-B1BE-9FF3C98F5B77}"
EndProject
Global
	GlobalSection(SolutionConfigurationPlatforms) = preSolution
		Debug|Any CPU = Debug|Any CPU
		Release|Any CPU = Release|Any CPU
	EndGlobalSection
	GlobalSection(ProjectConfigurationPlatforms) = postSolution
		{4ABE56CD-B996-4177-A423-1CB78FFA31C2}.Debug|Any CPU.ActiveCfg = Debug|Any CPU
		{4ABE56CD-B996-4177-A423-1CB78FFA31C2}.Debug|Any CPU.Build.0 = Debug|Any CPU
		{4ABE56CD-B996-4177-A423-1CB78FFA31C2}.Release|Any CPU.ActiveCfg = Release|Any CPU
		{4ABE56CD-B996-4177-A423-1CB78FFA31C2}.Release|Any CPU.Build.0 = Release|Any CPU
		{518AF87A-2700-4B13-8F86-B3981B3BFC27}.Debug|Any CPU.ActiveCfg = Debug|Any CPU
		{518AF87A-2700-4B13-8F86-B3981B3BFC27}.Debug|Any CPU.Build.0 = Debug|Any CPU
		{518AF87A-2700-4B13-8F86-B3981B3BFC27}.Release|Any CPU.ActiveCfg = Release|Any CPU
		{518AF87A-2700-4B13-8F86-B3981B3BFC27}.Release|Any CPU.Build.0 = Release|Any CPU
		{B4AF4746-B9E5-4727-B1BE-9FF3C98F5B77}.Debug|Any CPU.ActiveCfg = Debug|Any CPU
		{B4AF4746-B9E5-4727-B1BE-9FF3C98F5B77}.Debug|Any CPU.Build.0 = Debug|Any CPU
		{B4AF4746-B9E5-4727-B1BE-9FF3C98F5B77}.Release|Any CPU.ActiveCfg = Release|Any CPU
		{B4AF4746-B9E5-4727-B1BE-9FF3C98F5B77}.Release|Any CPU.Build.0 = Release|Any CPU
	EndGlobalSection
	GlobalSection(SolutionProperties) = preSolution
		HideSolutionNode = FALSE
	EndGlobalSection
EndGlobal
