
Microsoft Visual Studio Solution File, Format Version 12.00
# Visual Studio Version 17
VisualStudioVersion = 17.5.33502.453
MinimumVisualStudioVersion = 10.0.40219.1
Project("{FAE04EC0-301F-11D3-BF4B-00C04F79EFBC}") = "Common", "Common\Common.csproj", "{E03D25DC-815A-46FC-8849-A672A23B89FC}"
EndProject
Project("{FAE04EC0-301F-11D3-BF4B-00C04F79EFBC}") = "Server", "Server\Server.csproj", "{808E2D3D-ABD9-492B-9862-63E7F620791F}"
EndProject
Project("{FAE04EC0-301F-11D3-BF4B-00C04F79EFBC}") = "Client", "Client\Client.csproj", "{858FD4C8-138D-4565-ACE1-70C3FC31E42C}"
EndProject
Global
	GlobalSection(SolutionConfigurationPlatforms) = preSolution
		Debug|Any CPU = Debug|Any CPU
		Release|Any CPU = Release|Any CPU
	EndGlobalSection
	GlobalSection(ProjectConfigurationPlatforms) = postSolution
		{E03D25DC-815A-46FC-8849-A672A23B89FC}.Debug|Any CPU.ActiveCfg = Debug|Any CPU
		{E03D25DC-815A-46FC-8849-A672A23B89FC}.Debug|Any CPU.Build.0 = Debug|Any CPU
		{E03D25DC-815A-46FC-8849-A672A23B89FC}.Release|Any CPU.ActiveCfg = Release|Any CPU
		{E03D25DC-815A-46FC-8849-A672A23B89FC}.Release|Any CPU.Build.0 = Release|Any CPU
		{808E2D3D-ABD9-492B-9862-63E7F620791F}.Debug|Any CPU.ActiveCfg = Debug|Any CPU
		{808E2D3D-ABD9-492B-9862-63E7F620791F}.Debug|Any CPU.Build.0 = Debug|Any CPU
		{808E2D3D-ABD9-492B-9862-63E7F620791F}.Release|Any CPU.ActiveCfg = Release|Any CPU
		{808E2D3D-ABD9-492B-9862-63E7F620791F}.Release|Any CPU.Build.0 = Release|Any CPU
		{858FD4C8-138D-4565-ACE1-70C3FC31E42C}.Debug|Any CPU.ActiveCfg = Debug|Any CPU
		{858FD4C8-138D-4565-ACE1-70C3FC31E42C}.Debug|Any CPU.Build.0 = Debug|Any CPU
		{858FD4C8-138D-4565-ACE1-70C3FC31E42C}.Release|Any CPU.ActiveCfg = Release|Any CPU
		{858FD4C8-138D-4565-ACE1-70C3FC31E42C}.Release|Any CPU.Build.0 = Release|Any CPU
	EndGlobalSection
	GlobalSection(SolutionProperties) = preSolution
		HideSolutionNode = FALSE
	EndGlobalSection
	GlobalSection(ExtensibilityGlobals) = postSolution
		SolutionGuid = {7FC6F7C5-1698-45BD-87C5-A2A38DD6108F}
	EndGlobalSection
EndGlobal
