Microsoft Visual Studio Solution File, Format Version 12.00
# Visual Studio Version 17
VisualStudioVersion = 17.5.2.0
MinimumVisualStudioVersion = 10.0.40219.1
Project("{2150E333-8FDC-42A3-9474-1A3956D46DE8}") = "managed", "managed", "{6ADED3C3-491D-A43A-93DD-4F324D3E0A3F}"
EndProject
Project("{FAE04EC0-301F-11D3-BF4B-00C04F79EFBC}") = "Firewall", "managed\Firewall.csproj", "{84C4439F-6EA9-F7D8-F839-FBD9CA46B042}"
EndProject
Global
	GlobalSection(SolutionConfigurationPlatforms) = preSolution
		Debug|Any CPU = Debug|Any CPU
		Release|Any CPU = Release|Any CPU
	EndGlobalSection
	GlobalSection(ProjectConfigurationPlatforms) = postSolution
		{84C4439F-6EA9-F7D8-F839-FBD9CA46B042}.Debug|Any CPU.ActiveCfg = Debug|Any CPU
		{84C4439F-6EA9-F7D8-F839-FBD9CA46B042}.Debug|Any CPU.Build.0 = Debug|Any CPU
		{84C4439F-6EA9-F7D8-F839-FBD9CA46B042}.Release|Any CPU.ActiveCfg = Release|Any CPU
		{84C4439F-6EA9-F7D8-F839-FBD9CA46B042}.Release|Any CPU.Build.0 = Release|Any CPU
	EndGlobalSection
	GlobalSection(SolutionProperties) = preSolution
		HideSolutionNode = FALSE
	EndGlobalSection
	GlobalSection(NestedProjects) = preSolution
		{84C4439F-6EA9-F7D8-F839-FBD9CA46B042} = {6ADED3C3-491D-A43A-93DD-4F324D3E0A3F}
	EndGlobalSection
	GlobalSection(ExtensibilityGlobals) = postSolution
		SolutionGuid = {B83BE992-121C-449A-BC9E-30DB640B8552}
	EndGlobalSection
EndGlobal
