
Microsoft Visual Studio Solution File, Format Version 12.00
# Visual Studio Version 17
VisualStudioVersion = 17.5.33502.453
MinimumVisualStudioVersion = 10.0.40219.1
Project("{FAE04EC0-301F-11D3-BF4B-00C04F79EFBC}") = "DnsLookup", "DnsLookup\DnsLookup.csproj", "{DC7CFE09-8B18-4995-82D4-931A32A503FF}"
EndProject
Global
	GlobalSection(SolutionConfigurationPlatforms) = preSolution
		Debug|Any CPU = Debug|Any CPU
		Release|Any CPU = Release|Any CPU
	EndGlobalSection
	GlobalSection(ProjectConfigurationPlatforms) = postSolution
		{DC7CFE09-8B18-4995-82D4-931A32A503FF}.Debug|Any CPU.ActiveCfg = Debug|Any CPU
		{DC7CFE09-8B18-4995-82D4-931A32A503FF}.Debug|Any CPU.Build.0 = Debug|Any CPU
		{DC7CFE09-8B18-4995-82D4-931A32A503FF}.Release|Any CPU.ActiveCfg = Release|Any CPU
		{DC7CFE09-8B18-4995-82D4-931A32A503FF}.Release|Any CPU.Build.0 = Release|Any CPU
	EndGlobalSection
	GlobalSection(SolutionProperties) = preSolution
		HideSolutionNode = FALSE
	EndGlobalSection
	GlobalSection(ExtensibilityGlobals) = postSolution
		SolutionGuid = {B1D9167C-C9DB-4A09-8399-F1140982CDCE}
	EndGlobalSection
EndGlobal
